
Microsoft Visual Studio Solution File, Format Version 12.00
# Visual Studio Version 16
VisualStudioVersion = 16.0.30011.22
MinimumVisualStudioVersion = 10.0.40219.1
Project("{FAE04EC0-301F-11D3-BF4B-00C04F79EFBC}") = "ORM", "ORM\ORM.csproj", "{CAB3B754-D3F9-48BE-B639-6948974DEEF7}"
EndProject
Project("{FAE04EC0-301F-11D3-BF4B-00C04F79EFBC}") = "Test", "Test\Test.csproj", "{D99A3E51-23E5-4994-8C25-26EF7D51E505}"
EndProject
Global
	GlobalSection(SolutionConfigurationPlatforms) = preSolution
		Debug|Any CPU = Debug|Any CPU
		Release|Any CPU = Release|Any CPU
	EndGlobalSection
	GlobalSection(ProjectConfigurationPlatforms) = postSolution
		{CAB3B754-D3F9-48BE-B639-6948974DEEF7}.Debug|Any CPU.ActiveCfg = Debug|Any CPU
		{CAB3B754-D3F9-48BE-B639-6948974DEEF7}.Debug|Any CPU.Build.0 = Debug|Any CPU
		{CAB3B754-D3F9-48BE-B639-6948974DEEF7}.Release|Any CPU.ActiveCfg = Release|Any CPU
		{CAB3B754-D3F9-48BE-B639-6948974DEEF7}.Release|Any CPU.Build.0 = Release|Any CPU
		{D99A3E51-23E5-4994-8C25-26EF7D51E505}.Debug|Any CPU.ActiveCfg = Debug|Any CPU
		{D99A3E51-23E5-4994-8C25-26EF7D51E505}.Debug|Any CPU.Build.0 = Debug|Any CPU
		{D99A3E51-23E5-4994-8C25-26EF7D51E505}.Release|Any CPU.ActiveCfg = Release|Any CPU
		{D99A3E51-23E5-4994-8C25-26EF7D51E505}.Release|Any CPU.Build.0 = Release|Any CPU
	EndGlobalSection
	GlobalSection(SolutionProperties) = preSolution
		HideSolutionNode = FALSE
	EndGlobalSection
	GlobalSection(ExtensibilityGlobals) = postSolution
		SolutionGuid = {F5F3F9C6-D843-4497-B2B8-87996EA95E3B}
	EndGlobalSection
EndGlobal
